// !$*UTF8*$!
{
	archiveVersion = 1;
	classes = {
	};
	objectVersion = 55;
	objects = {

/* Begin PBXBuildFile section */
		6523092F27FA8C4C005D1B25 /* RestartApp.swift in Sources */ = {isa = PBXBuildFile; fileRef = 6523092E27FA8C4C005D1B25 /* RestartApp.swift */; };
		6523093127FA8C4C005D1B25 /* ContentView.swift in Sources */ = {isa = PBXBuildFile; fileRef = 6523093027FA8C4C005D1B25 /* ContentView.swift */; };
		6523093327FA8C4E005D1B25 /* Assets.xcassets in Resources */ = {isa = PBXBuildFile; fileRef = 6523093227FA8C4E005D1B25 /* Assets.xcassets */; };
		6523093627FA8C4E005D1B25 /* Preview Assets.xcassets in Resources */ = {isa = PBXBuildFile; fileRef = 6523093527FA8C4E005D1B25 /* Preview Assets.xcassets */; };
		6523094027FA8C4E005D1B25 /* RestartTests.swift in Sources */ = {isa = PBXBuildFile; fileRef = 6523093F27FA8C4E005D1B25 /* RestartTests.swift */; };
		6523094A27FA8C4E005D1B25 /* RestartUITests.swift in Sources */ = {isa = PBXBuildFile; fileRef = 6523094927FA8C4E005D1B25 /* RestartUITests.swift */; };
		6523094C27FA8C4E005D1B25 /* RestartUITestsLaunchTests.swift in Sources */ = {isa = PBXBuildFile; fileRef = 6523094B27FA8C4E005D1B25 /* RestartUITestsLaunchTests.swift */; };
		6523095A27FA8D17005D1B25 /* chimeup.mp3 in Resources */ = {isa = PBXBuildFile; fileRef = 6523095827FA8D17005D1B25 /* chimeup.mp3 */; };
		6523095B27FA8D17005D1B25 /* success.m4a in Resources */ = {isa = PBXBuildFile; fileRef = 6523095927FA8D17005D1B25 /* success.m4a */; };
		6523096227FA90B6005D1B25 /* OnboardingView.swift in Sources */ = {isa = PBXBuildFile; fileRef = 6523096127FA90B6005D1B25 /* OnboardingView.swift */; };
		6523096527FA90CF005D1B25 /* HomeView.swift in Sources */ = {isa = PBXBuildFile; fileRef = 6523096427FA90CF005D1B25 /* HomeView.swift */; };
		65DCEDD427FAE4D70090B995 /* AudioPlayer.swift in Sources */ = {isa = PBXBuildFile; fileRef = 65DCEDD327FAE4D70090B995 /* AudioPlayer.swift */; };
		65DF069927FAA9BB00FB401E /* CircleGroupView.swift in Sources */ = {isa = PBXBuildFile; fileRef = 65DF069827FAA9BB00FB401E /* CircleGroupView.swift */; };
/* End PBXBuildFile section */

/* Begin PBXContainerItemProxy section */
		6523093C27FA8C4E005D1B25 /* PBXContainerItemProxy */ = {
			isa = PBXContainerItemProxy;
			containerPortal = 6523092327FA8C4C005D1B25 /* Project object */;
			proxyType = 1;
			remoteGlobalIDString = 6523092A27FA8C4C005D1B25;
			remoteInfo = Restart;
		};
		6523094627FA8C4E005D1B25 /* PBXContainerItemProxy */ = {
			isa = PBXContainerItemProxy;
			containerPortal = 6523092327FA8C4C005D1B25 /* Project object */;
			proxyType = 1;
			remoteGlobalIDString = 6523092A27FA8C4C005D1B25;
			remoteInfo = Restart;
		};
/* End PBXContainerItemProxy section */

/* Begin PBXFileReference section */
		6523092B27FA8C4C005D1B25 /* Restart.app */ = {isa = PBXFileReference; explicitFileType = wrapper.application; includeInIndex = 0; path = Restart.app; sourceTree = BUILT_PRODUCTS_DIR; };
		6523092E27FA8C4C005D1B25 /* RestartApp.swift */ = {isa = PBXFileReference; lastKnownFileType = sourcecode.swift; path = RestartApp.swift; sourceTree = "<group>"; };
		6523093027FA8C4C005D1B25 /* ContentView.swift */ = {isa = PBXFileReference; lastKnownFileType = sourcecode.swift; path = ContentView.swift; sourceTree = "<group>"; };
		6523093227FA8C4E005D1B25 /* Assets.xcassets */ = {isa = PBXFileReference; lastKnownFileType = folder.assetcatalog; path = Assets.xcassets; sourceTree = "<group>"; };
		6523093527FA8C4E005D1B25 /* Preview Assets.xcassets */ = {isa = PBXFileReference; lastKnownFileType = folder.assetcatalog; path = "Preview Assets.xcassets"; sourceTree = "<group>"; };
		6523093B27FA8C4E005D1B25 /* RestartTests.xctest */ = {isa = PBXFileReference; explicitFileType = wrapper.cfbundle; includeInIndex = 0; path = RestartTests.xctest; sourceTree = BUILT_PRODUCTS_DIR; };
		6523093F27FA8C4E005D1B25 /* RestartTests.swift */ = {isa = PBXFileReference; lastKnownFileType = sourcecode.swift; path = RestartTests.swift; sourceTree = "<group>"; };
		6523094527FA8C4E005D1B25 /* RestartUITests.xctest */ = {isa = PBXFileReference; explicitFileType = wrapper.cfbundle; includeInIndex = 0; path = RestartUITests.xctest; sourceTree = BUILT_PRODUCTS_DIR; };
		6523094927FA8C4E005D1B25 /* RestartUITests.swift */ = {isa = PBXFileReference; lastKnownFileType = sourcecode.swift; path = RestartUITests.swift; sourceTree = "<group>"; };
		6523094B27FA8C4E005D1B25 /* RestartUITestsLaunchTests.swift */ = {isa = PBXFileReference; lastKnownFileType = sourcecode.swift; path = RestartUITestsLaunchTests.swift; sourceTree = "<group>"; };
		6523095827FA8D17005D1B25 /* chimeup.mp3 */ = {isa = PBXFileReference; lastKnownFileType = audio.mp3; path = chimeup.mp3; sourceTree = "<group>"; };
		6523095927FA8D17005D1B25 /* success.m4a */ = {isa = PBXFileReference; lastKnownFileType = file; path = success.m4a; sourceTree = "<group>"; };
		6523095F27FA9042005D1B25 /* Info.plist */ = {isa = PBXFileReference; lastKnownFileType = text.plist; path = Info.plist; sourceTree = "<group>"; };
		6523096127FA90B6005D1B25 /* OnboardingView.swift */ = {isa = PBXFileReference; lastKnownFileType = sourcecode.swift; path = OnboardingView.swift; sourceTree = "<group>"; };
		6523096427FA90CF005D1B25 /* HomeView.swift */ = {isa = PBXFileReference; lastKnownFileType = sourcecode.swift; path = HomeView.swift; sourceTree = "<group>"; };
		65DCEDD327FAE4D70090B995 /* AudioPlayer.swift */ = {isa = PBXFileReference; lastKnownFileType = sourcecode.swift; path = AudioPlayer.swift; sourceTree = "<group>"; };
		65DF069827FAA9BB00FB401E /* CircleGroupView.swift */ = {isa = PBXFileReference; lastKnownFileType = sourcecode.swift; path = CircleGroupView.swift; sourceTree = "<group>"; };
/* End PBXFileReference section */

/* Begin PBXFrameworksBuildPhase section */
		6523092827FA8C4C005D1B25 /* Frameworks */ = {
			isa = PBXFrameworksBuildPhase;
			buildActionMask = 2147483647;
			files = (
			);
			runOnlyForDeploymentPostprocessing = 0;
		};
		6523093827FA8C4E005D1B25 /* Frameworks */ = {
			isa = PBXFrameworksBuildPhase;
			buildActionMask = 2147483647;
			files = (
			);
			runOnlyForDeploymentPostprocessing = 0;
		};
		6523094227FA8C4E005D1B25 /* Frameworks */ = {
			isa = PBXFrameworksBuildPhase;
			buildActionMask = 2147483647;
			files = (
			);
			runOnlyForDeploymentPostprocessing = 0;
		};
/* End PBXFrameworksBuildPhase section */

/* Begin PBXGroup section */
		6523092227FA8C4C005D1B25 = {
			isa = PBXGroup;
			children = (
				6523092D27FA8C4C005D1B25 /* Restart */,
				6523093E27FA8C4E005D1B25 /* RestartTests */,
				6523094827FA8C4E005D1B25 /* RestartUITests */,
				6523092C27FA8C4C005D1B25 /* Products */,
			);
			sourceTree = "<group>";
		};
		6523092C27FA8C4C005D1B25 /* Products */ = {
			isa = PBXGroup;
			children = (
				6523092B27FA8C4C005D1B25 /* Restart.app */,
				6523093B27FA8C4E005D1B25 /* RestartTests.xctest */,
				6523094527FA8C4E005D1B25 /* RestartUITests.xctest */,
			);
			name = Products;
			sourceTree = "<group>";
		};
		6523092D27FA8C4C005D1B25 /* Restart */ = {
			isa = PBXGroup;
			children = (
				6523095F27FA9042005D1B25 /* Info.plist */,
				6523095E27FA8EEA005D1B25 /* Utilities */,
				6523095D27FA8ECA005D1B25 /* Views */,
				6523095C27FA8D2F005D1B25 /* Sounds */,
				6523092E27FA8C4C005D1B25 /* RestartApp.swift */,
				6523096027FA9090005D1B25 /* Screens */,
				6523093227FA8C4E005D1B25 /* Assets.xcassets */,
				6523093427FA8C4E005D1B25 /* Preview Content */,
			);
			path = Restart;
			sourceTree = "<group>";
		};
		6523093427FA8C4E005D1B25 /* Preview Content */ = {
			isa = PBXGroup;
			children = (
				6523093527FA8C4E005D1B25 /* Preview Assets.xcassets */,
			);
			path = "Preview Content";
			sourceTree = "<group>";
		};
		6523093E27FA8C4E005D1B25 /* RestartTests */ = {
			isa = PBXGroup;
			children = (
				6523093F27FA8C4E005D1B25 /* RestartTests.swift */,
			);
			path = RestartTests;
			sourceTree = "<group>";
		};
		6523094827FA8C4E005D1B25 /* RestartUITests */ = {
			isa = PBXGroup;
			children = (
				6523094927FA8C4E005D1B25 /* RestartUITests.swift */,
				6523094B27FA8C4E005D1B25 /* RestartUITestsLaunchTests.swift */,
			);
			path = RestartUITests;
			sourceTree = "<group>";
		};
		6523095C27FA8D2F005D1B25 /* Sounds */ = {
			isa = PBXGroup;
			children = (
				6523095827FA8D17005D1B25 /* chimeup.mp3 */,
				6523095927FA8D17005D1B25 /* success.m4a */,
			);
			path = Sounds;
			sourceTree = "<group>";
		};
		6523095D27FA8ECA005D1B25 /* Views */ = {
			isa = PBXGroup;
			children = (
				65DF069827FAA9BB00FB401E /* CircleGroupView.swift */,
			);
			path = Views;
			sourceTree = "<group>";
		};
		6523095E27FA8EEA005D1B25 /* Utilities */ = {
			isa = PBXGroup;
			children = (
				65DCEDD327FAE4D70090B995 /* AudioPlayer.swift */,
			);
			path = Utilities;
			sourceTree = "<group>";
		};
		6523096027FA9090005D1B25 /* Screens */ = {
			isa = PBXGroup;
			children = (
				6523093027FA8C4C005D1B25 /* ContentView.swift */,
				6523096127FA90B6005D1B25 /* OnboardingView.swift */,
				6523096427FA90CF005D1B25 /* HomeView.swift */,
			);
			path = Screens;
			sourceTree = "<group>";
		};
/* End PBXGroup section */

/* Begin PBXNativeTarget section */
		6523092A27FA8C4C005D1B25 /* Restart */ = {
			isa = PBXNativeTarget;
			buildConfigurationList = 6523094F27FA8C4E005D1B25 /* Build configuration list for PBXNativeTarget "Restart" */;
			buildPhases = (
				6523092727FA8C4C005D1B25 /* Sources */,
				6523092827FA8C4C005D1B25 /* Frameworks */,
				6523092927FA8C4C005D1B25 /* Resources */,
			);
			buildRules = (
			);
			dependencies = (
			);
			name = Restart;
			productName = Restart;
			productReference = 6523092B27FA8C4C005D1B25 /* Restart.app */;
			productType = "com.apple.product-type.application";
		};
		6523093A27FA8C4E005D1B25 /* RestartTests */ = {
			isa = PBXNativeTarget;
			buildConfigurationList = 6523095227FA8C4E005D1B25 /* Build configuration list for PBXNativeTarget "RestartTests" */;
			buildPhases = (
				6523093727FA8C4E005D1B25 /* Sources */,
				6523093827FA8C4E005D1B25 /* Frameworks */,
				6523093927FA8C4E005D1B25 /* Resources */,
			);
			buildRules = (
			);
			dependencies = (
				6523093D27FA8C4E005D1B25 /* PBXTargetDependency */,
			);
			name = RestartTests;
			productName = RestartTests;
			productReference = 6523093B27FA8C4E005D1B25 /* RestartTests.xctest */;
			productType = "com.apple.product-type.bundle.unit-test";
		};
		6523094427FA8C4E005D1B25 /* RestartUITests */ = {
			isa = PBXNativeTarget;
			buildConfigurationList = 6523095527FA8C4E005D1B25 /* Build configuration list for PBXNativeTarget "RestartUITests" */;
			buildPhases = (
				6523094127FA8C4E005D1B25 /* Sources */,
				6523094227FA8C4E005D1B25 /* Frameworks */,
				6523094327FA8C4E005D1B25 /* Resources */,
			);
			buildRules = (
			);
			dependencies = (
				6523094727FA8C4E005D1B25 /* PBXTargetDependency */,
			);
			name = RestartUITests;
			productName = RestartUITests;
			productReference = 6523094527FA8C4E005D1B25 /* RestartUITests.xctest */;
			productType = "com.apple.product-type.bundle.ui-testing";
		};
/* End PBXNativeTarget section */

/* Begin PBXProject section */
		6523092327FA8C4C005D1B25 /* Project object */ = {
			isa = PBXProject;
			attributes = {
				BuildIndependentTargetsInParallel = 1;
				LastSwiftUpdateCheck = 1320;
				LastUpgradeCheck = 1320;
				TargetAttributes = {
					6523092A27FA8C4C005D1B25 = {
						CreatedOnToolsVersion = 13.2.1;
					};
					6523093A27FA8C4E005D1B25 = {
						CreatedOnToolsVersion = 13.2.1;
						TestTargetID = 6523092A27FA8C4C005D1B25;
					};
					6523094427FA8C4E005D1B25 = {
						CreatedOnToolsVersion = 13.2.1;
						TestTargetID = 6523092A27FA8C4C005D1B25;
					};
				};
			};
			buildConfigurationList = 6523092627FA8C4C005D1B25 /* Build configuration list for PBXProject "Restart" */;
			compatibilityVersion = "Xcode 13.0";
			developmentRegion = en;
			hasScannedForEncodings = 0;
			knownRegions = (
				en,
				Base,
			);
			mainGroup = 6523092227FA8C4C005D1B25;
			productRefGroup = 6523092C27FA8C4C005D1B25 /* Products */;
			projectDirPath = "";
			projectRoot = "";
			targets = (
				6523092A27FA8C4C005D1B25 /* Restart */,
				6523093A27FA8C4E005D1B25 /* RestartTests */,
				6523094427FA8C4E005D1B25 /* RestartUITests */,
			);
		};
/* End PBXProject section */

/* Begin PBXResourcesBuildPhase section */
		6523092927FA8C4C005D1B25 /* Resources */ = {
			isa = PBXResourcesBuildPhase;
			buildActionMask = 2147483647;
			files = (
				6523095B27FA8D17005D1B25 /* success.m4a in Resources */,
				6523095A27FA8D17005D1B25 /* chimeup.mp3 in Resources */,
				6523093627FA8C4E005D1B25 /* Preview Assets.xcassets in Resources */,
				6523093327FA8C4E005D1B25 /* Assets.xcassets in Resources */,
			);
			runOnlyForDeploymentPostprocessing = 0;
		};
		6523093927FA8C4E005D1B25 /* Resources */ = {
			isa = PBXResourcesBuildPhase;
			buildActionMask = 2147483647;
			files = (
			);
			runOnlyForDeploymentPostprocessing = 0;
		};
		6523094327FA8C4E005D1B25 /* Resources */ = {
			isa = PBXResourcesBuildPhase;
			buildActionMask = 2147483647;
			files = (
			);
			runOnlyForDeploymentPostprocessing = 0;
		};
/* End PBXResourcesBuildPhase section */

/* Begin PBXSourcesBuildPhase section */
		6523092727FA8C4C005D1B25 /* Sources */ = {
			isa = PBXSourcesBuildPhase;
			buildActionMask = 2147483647;
			files = (
				65DF069927FAA9BB00FB401E /* CircleGroupView.swift in Sources */,
				6523096227FA90B6005D1B25 /* OnboardingView.swift in Sources */,
				6523096527FA90CF005D1B25 /* HomeView.swift in Sources */,
				6523093127FA8C4C005D1B25 /* ContentView.swift in Sources */,
				6523092F27FA8C4C005D1B25 /* RestartApp.swift in Sources */,
				65DCEDD427FAE4D70090B995 /* AudioPlayer.swift in Sources */,
			);
			runOnlyForDeploymentPostprocessing = 0;
		};
		6523093727FA8C4E005D1B25 /* Sources */ = {
			isa = PBXSourcesBuildPhase;
			buildActionMask = 2147483647;
			files = (
				6523094027FA8C4E005D1B25 /* RestartTests.swift in Sources */,
			);
			runOnlyForDeploymentPostprocessing = 0;
		};
		6523094127FA8C4E005D1B25 /* Sources */ = {
			isa = PBXSourcesBuildPhase;
			buildActionMask = 2147483647;
			files = (
				6523094C27FA8C4E005D1B25 /* RestartUITestsLaunchTests.swift in Sources */,
				6523094A27FA8C4E005D1B25 /* RestartUITests.swift in Sources */,
			);
			runOnlyForDeploymentPostprocessing = 0;
		};
/* End PBXSourcesBuildPhase section */

/* Begin PBXTargetDependency section */
		6523093D27FA8C4E005D1B25 /* PBXTargetDependency */ = {
			isa = PBXTargetDependency;
			target = 6523092A27FA8C4C005D1B25 /* Restart */;
			targetProxy = 6523093C27FA8C4E005D1B25 /* PBXContainerItemProxy */;
		};
		6523094727FA8C4E005D1B25 /* PBXTargetDependency */ = {
			isa = PBXTargetDependency;
			target = 6523092A27FA8C4C005D1B25 /* Restart */;
			targetProxy = 6523094627FA8C4E005D1B25 /* PBXContainerItemProxy */;
		};
/* End PBXTargetDependency section */

/* Begin XCBuildConfiguration section */
		6523094D27FA8C4E005D1B25 /* Debug */ = {
			isa = XCBuildConfiguration;
			buildSettings = {
				ALWAYS_SEARCH_USER_PATHS = NO;
				CLANG_ANALYZER_NONNULL = YES;
				CLANG_ANALYZER_NUMBER_OBJECT_CONVERSION = YES_AGGRESSIVE;
				CLANG_CXX_LANGUAGE_STANDARD = "gnu++17";
				CLANG_CXX_LIBRARY = "libc++";
				CLANG_ENABLE_MODULES = YES;
				CLANG_ENABLE_OBJC_ARC = YES;
				CLANG_ENABLE_OBJC_WEAK = YES;
				CLANG_WARN_BLOCK_CAPTURE_AUTORELEASING = YES;
				CLANG_WARN_BOOL_CONVERSION = YES;
				CLANG_WARN_COMMA = YES;
				CLANG_WARN_CONSTANT_CONVERSION = YES;
				CLANG_WARN_DEPRECATED_OBJC_IMPLEMENTATIONS = YES;
				CLANG_WARN_DIRECT_OBJC_ISA_USAGE = YES_ERROR;
				CLANG_WARN_DOCUMENTATION_COMMENTS = YES;
				CLANG_WARN_EMPTY_BODY = YES;
				CLANG_WARN_ENUM_CONVERSION = YES;
				CLANG_WARN_INFINITE_RECURSION = YES;
				CLANG_WARN_INT_CONVERSION = YES;
				CLANG_WARN_NON_LITERAL_NULL_CONVERSION = YES;
				CLANG_WARN_OBJC_IMPLICIT_RETAIN_SELF = YES;
				CLANG_WARN_OBJC_LITERAL_CONVERSION = YES;
				CLANG_WARN_OBJC_ROOT_CLASS = YES_ERROR;
				CLANG_WARN_QUOTED_INCLUDE_IN_FRAMEWORK_HEADER = YES;
				CLANG_WARN_RANGE_LOOP_ANALYSIS = YES;
				CLANG_WARN_STRICT_PROTOTYPES = YES;
				CLANG_WARN_SUSPICIOUS_MOVE = YES;
				CLANG_WARN_UNGUARDED_AVAILABILITY = YES_AGGRESSIVE;
				CLANG_WARN_UNREACHABLE_CODE = YES;
				CLANG_WARN__DUPLICATE_METHOD_MATCH = YES;
				COPY_PHASE_STRIP = NO;
				DEBUG_INFORMATION_FORMAT = dwarf;
				ENABLE_STRICT_OBJC_MSGSEND = YES;
				ENABLE_TESTABILITY = YES;
				GCC_C_LANGUAGE_STANDARD = gnu11;
				GCC_DYNAMIC_NO_PIC = NO;
				GCC_NO_COMMON_BLOCKS = YES;
				GCC_OPTIMIZATION_LEVEL = 0;
				GCC_PREPROCESSOR_DEFINITIONS = (
					"DEBUG=1",
					"$(inherited)",
				);
				GCC_WARN_64_TO_32_BIT_CONVERSION = YES;
				GCC_WARN_ABOUT_RETURN_TYPE = YES_ERROR;
				GCC_WARN_UNDECLARED_SELECTOR = YES;
				GCC_WARN_UNINITIALIZED_AUTOS = YES_AGGRESSIVE;
				GCC_WARN_UNUSED_FUNCTION = YES;
				GCC_WARN_UNUSED_VARIABLE = YES;
				IPHONEOS_DEPLOYMENT_TARGET = 15.2;
				MTL_ENABLE_DEBUG_INFO = INCLUDE_SOURCE;
				MTL_FAST_MATH = YES;
				ONLY_ACTIVE_ARCH = YES;
				SDKROOT = iphoneos;
				SWIFT_ACTIVE_COMPILATION_CONDITIONS = DEBUG;
				SWIFT_OPTIMIZATION_LEVEL = "-Onone";
			};
			name = Debug;
		};
		6523094E27FA8C4E005D1B25 /* Release */ = {
			isa = XCBuildConfiguration;
			buildSettings = {
				ALWAYS_SEARCH_USER_PATHS = NO;
				CLANG_ANALYZER_NONNULL = YES;
				CLANG_ANALYZER_NUMBER_OBJECT_CONVERSION = YES_AGGRESSIVE;
				CLANG_CXX_LANGUAGE_STANDARD = "gnu++17";
				CLANG_CXX_LIBRARY = "libc++";
				CLANG_ENABLE_MODULES = YES;
				CLANG_ENABLE_OBJC_ARC = YES;
				CLANG_ENABLE_OBJC_WEAK = YES;
				CLANG_WARN_BLOCK_CAPTURE_AUTORELEASING = YES;
				CLANG_WARN_BOOL_CONVERSION = YES;
				CLANG_WARN_COMMA = YES;
				CLANG_WARN_CONSTANT_CONVERSION = YES;
				CLANG_WARN_DEPRECATED_OBJC_IMPLEMENTATIONS = YES;
				CLANG_WARN_DIRECT_OBJC_ISA_USAGE = YES_ERROR;
				CLANG_WARN_DOCUMENTATION_COMMENTS = YES;
				CLANG_WARN_EMPTY_BODY = YES;
				CLANG_WARN_ENUM_CONVERSION = YES;
				CLANG_WARN_INFINITE_RECURSION = YES;
				CLANG_WARN_INT_CONVERSION = YES;
				CLANG_WARN_NON_LITERAL_NULL_CONVERSION = YES;
				CLANG_WARN_OBJC_IMPLICIT_RETAIN_SELF = YES;
				CLANG_WARN_OBJC_LITERAL_CONVERSION = YES;
				CLANG_WARN_OBJC_ROOT_CLASS = YES_ERROR;
				CLANG_WARN_QUOTED_INCLUDE_IN_FRAMEWORK_HEADER = YES;
				CLANG_WARN_RANGE_LOOP_ANALYSIS = YES;
				CLANG_WARN_STRICT_PROTOTYPES = YES;
				CLANG_WARN_SUSPICIOUS_MOVE = YES;
				CLANG_WARN_UNGUARDED_AVAILABILITY = YES_AGGRESSIVE;
				CLANG_WARN_UNREACHABLE_CODE = YES;
				CLANG_WARN__DUPLICATE_METHOD_MATCH = YES;
				COPY_PHASE_STRIP = NO;
				DEBUG_INFORMATION_FORMAT = "dwarf-with-dsym";
				ENABLE_NS_ASSERTIONS = NO;
				ENABLE_STRICT_OBJC_MSGSEND = YES;
				GCC_C_LANGUAGE_STANDARD = gnu11;
				GCC_NO_COMMON_BLOCKS = YES;
				GCC_WARN_64_TO_32_BIT_CONVERSION = YES;
				GCC_WARN_ABOUT_RETURN_TYPE = YES_ERROR;
				GCC_WARN_UNDECLARED_SELECTOR = YES;
				GCC_WARN_UNINITIALIZED_AUTOS = YES_AGGRESSIVE;
				GCC_WARN_UNUSED_FUNCTION = YES;
				GCC_WARN_UNUSED_VARIABLE = YES;
				IPHONEOS_DEPLOYMENT_TARGET = 15.2;
				MTL_ENABLE_DEBUG_INFO = NO;
				MTL_FAST_MATH = YES;
				SDKROOT = iphoneos;
				SWIFT_COMPILATION_MODE = wholemodule;
				SWIFT_OPTIMIZATION_LEVEL = "-O";
				VALIDATE_PRODUCT = YES;
			};
			name = Release;
		};
		6523095027FA8C4E005D1B25 /* Debug */ = {
			isa = XCBuildConfiguration;
			buildSettings = {
				ASSETCATALOG_COMPILER_APPICON_NAME = AppIcon;
				ASSETCATALOG_COMPILER_GLOBAL_ACCENT_COLOR_NAME = AccentColor;
				CODE_SIGN_STYLE = Automatic;
				CURRENT_PROJECT_VERSION = 1;
				DEVELOPMENT_ASSET_PATHS = "\"Restart/Preview Content\"";
				DEVELOPMENT_TEAM = 735X8389JS;
				ENABLE_PREVIEWS = YES;
				GENERATE_INFOPLIST_FILE = YES;
				INFOPLIST_FILE = Restart/Info.plist;
				INFOPLIST_KEY_UIApplicationSceneManifest_Generation = YES;
				INFOPLIST_KEY_UIApplicationSupportsIndirectInputEvents = YES;
				INFOPLIST_KEY_UISupportedInterfaceOrientations = UIInterfaceOrientationPortrait;
				INFOPLIST_KEY_UISupportedInterfaceOrientations_iPad = "UIInterfaceOrientationPortrait UIInterfaceOrientationPortraitUpsideDown UIInterfaceOrientationLandscapeLeft UIInterfaceOrientationLandscapeRight";
				INFOPLIST_KEY_UISupportedInterfaceOrientations_iPhone = UIInterfaceOrientationPortrait;
				LD_RUNPATH_SEARCH_PATHS = (
					"$(inherited)",
					"@executable_path/Frameworks",
				);
				MARKETING_VERSION = 1.0;
				PRODUCT_BUNDLE_IDENTIFIER = com.deloitte.Restart;
				PRODUCT_NAME = "$(TARGET_NAME)";
				SWIFT_EMIT_LOC_STRINGS = YES;
				SWIFT_VERSION = 5.0;
				TARGETED_DEVICE_FAMILY = "1,2";
			};
			name = Debug;
		};
		6523095127FA8C4E005D1B25 /* Release */ = {
			isa = XCBuildConfiguration;
			buildSettings = {
				ASSETCATALOG_COMPILER_APPICON_NAME = AppIcon;
				ASSETCATALOG_COMPILER_GLOBAL_ACCENT_COLOR_NAME = AccentColor;
				CODE_SIGN_STYLE = Automatic;
				CURRENT_PROJECT_VERSION = 1;
				DEVELOPMENT_ASSET_PATHS = "\"Restart/Preview Content\"";
				DEVELOPMENT_TEAM = 735X8389JS;
				ENABLE_PREVIEWS = YES;
				GENERATE_INFOPLIST_FILE = YES;
				INFOPLIST_FILE = Restart/Info.plist;
				INFOPLIST_KEY_UIApplicationSceneManifest_Generation = YES;
				INFOPLIST_KEY_UIApplicationSupportsIndirectInputEvents = YES;
				INFOPLIST_KEY_UISupportedInterfaceOrientations = UIInterfaceOrientationPortrait;
				INFOPLIST_KEY_UISupportedInterfaceOrientations_iPad = "UIInterfaceOrientationPortrait UIInterfaceOrientationPortraitUpsideDown UIInterfaceOrientationLandscapeLeft UIInterfaceOrientationLandscapeRight";
				INFOPLIST_KEY_UISupportedInterfaceOrientations_iPhone = UIInterfaceOrientationPortrait;
				LD_RUNPATH_SEARCH_PATHS = (
					"$(inherited)",
					"@executable_path/Frameworks",
				);
				MARKETING_VERSION = 1.0;
				PRODUCT_BUNDLE_IDENTIFIER = com.deloitte.Restart;
				PRODUCT_NAME = "$(TARGET_NAME)";
				SWIFT_EMIT_LOC_STRINGS = YES;
				SWIFT_VERSION = 5.0;
				TARGETED_DEVICE_FAMILY = "1,2";
			};
			name = Release;
		};
		6523095327FA8C4E005D1B25 /* Debug */ = {
			isa = XCBuildConfiguration;
			buildSettings = {
				ALWAYS_EMBED_SWIFT_STANDARD_LIBRARIES = YES;
				BUNDLE_LOADER = "$(TEST_HOST)";
				CODE_SIGN_STYLE = Automatic;
				CURRENT_PROJECT_VERSION = 1;
				DEVELOPMENT_TEAM = 735X8389JS;
				GENERATE_INFOPLIST_FILE = YES;
				IPHONEOS_DEPLOYMENT_TARGET = 15.2;
				MARKETING_VERSION = 1.0;
				PRODUCT_BUNDLE_IDENTIFIER = com.deloitte.RestartTests;
				PRODUCT_NAME = "$(TARGET_NAME)";
				SWIFT_EMIT_LOC_STRINGS = NO;
				SWIFT_VERSION = 5.0;
				TARGETED_DEVICE_FAMILY = "1,2";
				TEST_HOST = "$(BUILT_PRODUCTS_DIR)/Restart.app/Restart";
			};
			name = Debug;
		};
		6523095427FA8C4E005D1B25 /* Release */ = {
			isa = XCBuildConfiguration;
			buildSettings = {
				ALWAYS_EMBED_SWIFT_STANDARD_LIBRARIES = YES;
				BUNDLE_LOADER = "$(TEST_HOST)";
				CODE_SIGN_STYLE = Automatic;
				CURRENT_PROJECT_VERSION = 1;
				DEVELOPMENT_TEAM = 735X8389JS;
				GENERATE_INFOPLIST_FILE = YES;
				IPHONEOS_DEPLOYMENT_TARGET = 15.2;
				MARKETING_VERSION = 1.0;
				PRODUCT_BUNDLE_IDENTIFIER = com.deloitte.RestartTests;
				PRODUCT_NAME = "$(TARGET_NAME)";
				SWIFT_EMIT_LOC_STRINGS = NO;
				SWIFT_VERSION = 5.0;
				TARGETED_DEVICE_FAMILY = "1,2";
				TEST_HOST = "$(BUILT_PRODUCTS_DIR)/Restart.app/Restart";
			};
			name = Release;
		};
		6523095627FA8C4E005D1B25 /* Debug */ = {
			isa = XCBuildConfiguration;
			buildSettings = {
				ALWAYS_EMBED_SWIFT_STANDARD_LIBRARIES = YES;
				CODE_SIGN_STYLE = Automatic;
				CURRENT_PROJECT_VERSION = 1;
				DEVELOPMENT_TEAM = 735X8389JS;
				GENERATE_INFOPLIST_FILE = YES;
				MARKETING_VERSION = 1.0;
				PRODUCT_BUNDLE_IDENTIFIER = com.deloitte.RestartUITests;
				PRODUCT_NAME = "$(TARGET_NAME)";
				SWIFT_EMIT_LOC_STRINGS = NO;
				SWIFT_VERSION = 5.0;
				TARGETED_DEVICE_FAMILY = "1,2";
				TEST_TARGET_NAME = Restart;
			};
			name = Debug;
		};
		6523095727FA8C4E005D1B25 /* Release */ = {
			isa = XCBuildConfiguration;
			buildSettings = {
				ALWAYS_EMBED_SWIFT_STANDARD_LIBRARIES = YES;
				CODE_SIGN_STYLE = Automatic;
				CURRENT_PROJECT_VERSION = 1;
				DEVELOPMENT_TEAM = 735X8389JS;
				GENERATE_INFOPLIST_FILE = YES;
				MARKETING_VERSION = 1.0;
				PRODUCT_BUNDLE_IDENTIFIER = com.deloitte.RestartUITests;
				PRODUCT_NAME = "$(TARGET_NAME)";
				SWIFT_EMIT_LOC_STRINGS = NO;
				SWIFT_VERSION = 5.0;
				TARGETED_DEVICE_FAMILY = "1,2";
				TEST_TARGET_NAME = Restart;
			};
			name = Release;
		};
/* End XCBuildConfiguration section */

/* Begin XCConfigurationList section */
		6523092627FA8C4C005D1B25 /* Build configuration list for PBXProject "Restart" */ = {
			isa = XCConfigurationList;
			buildConfigurations = (
				6523094D27FA8C4E005D1B25 /* Debug */,
				6523094E27FA8C4E005D1B25 /* Release */,
			);
			defaultConfigurationIsVisible = 0;
			defaultConfigurationName = Release;
		};
		6523094F27FA8C4E005D1B25 /* Build configuration list for PBXNativeTarget "Restart" */ = {
			isa = XCConfigurationList;
			buildConfigurations = (
				6523095027FA8C4E005D1B25 /* Debug */,
				6523095127FA8C4E005D1B25 /* Release */,
			);
			defaultConfigurationIsVisible = 0;
			defaultConfigurationName = Release;
		};
		6523095227FA8C4E005D1B25 /* Build configuration list for PBXNativeTarget "RestartTests" */ = {
			isa = XCConfigurationList;
			buildConfigurations = (
				6523095327FA8C4E005D1B25 /* Debug */,
				6523095427FA8C4E005D1B25 /* Release */,
			);
			defaultConfigurationIsVisible = 0;
			defaultConfigurationName = Release;
		};
		6523095527FA8C4E005D1B25 /* Build configuration list for PBXNativeTarget "RestartUITests" */ = {
			isa = XCConfigurationList;
			buildConfigurations = (
				6523095627FA8C4E005D1B25 /* Debug */,
				6523095727FA8C4E005D1B25 /* Release */,
			);
			defaultConfigurationIsVisible = 0;
			defaultConfigurationName = Release;
		};
/* End XCConfigurationList section */
	};
	rootObject = 6523092327FA8C4C005D1B25 /* Project object */;
}
